# This file is automatically @generated by Cargo.
# It is not intended for manual editing.
version = 4

[[package]]
name = "ontolith-cluster"
version = "0.1.0"
dependencies = [
 "ontolith-core",
 "ontolith-storage",
 "ontolith-transaction",
]

[[package]]
name = "ontolith-core"
version = "0.1.0"

[[package]]
name = "ontolith-observability"
version = "0.1.0"
dependencies = [
 "ontolith-core",
 "ontolith-rdf",
 "ontolith-storage",
 "ontolith-transaction",
]

[[package]]
name = "ontolith-parser"
version = "0.1.0"
dependencies = [
 "ontolith-core",
 "ontolith-rdf",
]

[[package]]
name = "ontolith-plugin-api"
version = "0.1.0"
dependencies = [
 "ontolith-core",
]

[[package]]
name = "ontolith-query"
version = "0.1.0"
dependencies = [
 "ontolith-core",
 "ontolith-rdf",
 "ontolith-storage",
 "ontolith-transaction",
]

[[package]]
name = "ontolith-rdf"
version = "0.1.0"
dependencies = [
 "ontolith-core",
]

[[package]]
name = "ontolith-reasoner"
version = "0.1.0"
dependencies = [
 "ontolith-core",
 "ontolith-query",
 "ontolith-rdf",
]

[[package]]
name = "ontolith-sdk"
version = "0.1.0"
dependencies = [
 "ontolith-core",
 "ontolith-query",
 "ontolith-rdf",
]

[[package]]
name = "ontolith-security"
version = "0.1.0"
dependencies = [
 "ontolith-core",
]

[[package]]
name = "ontolith-server"
version = "0.1.0"
dependencies = [
 "ontolith-cluster",
 "ontolith-core",
 "ontolith-observability",
 "ontolith-query",
 "ontolith-reasoner",
 "ontolith-sdk",
 "ontolith-security",
 "ontolith-storage",
 "ontolith-transaction",
]

[[package]]
name = "ontolith-storage"
version = "0.1.0"
dependencies = [
 "ontolith-core",
 "ontolith-rdf",
 "ontolith-transaction",
]

[[package]]
name = "ontolith-transaction"
version = "0.1.0"
dependencies = [
 "ontolith-core",
]
